
Microsoft Visual Studio Solution File, Format Version 12.00
# Visual Studio Version 17
VisualStudioVersion = 17.3.32811.315
MinimumVisualStudioVersion = 10.0.40219.1
Project("{FAE04EC0-301F-11D3-BF4B-00C04F79EFBC}") = "Uppgift 5.2", "Uppgift 5.2\Uppgift 5.2.csproj", "{996CA195-F477-4F9D-B55E-4F1F2C28126D}"
EndProject
Global
	GlobalSection(SolutionConfigurationPlatforms) = preSolution
		Debug|Any CPU = Debug|Any CPU
		Release|Any CPU = Release|Any CPU
	EndGlobalSection
	GlobalSection(ProjectConfigurationPlatforms) = postSolution
		{996CA195-F477-4F9D-B55E-4F1F2C28126D}.Debug|Any CPU.ActiveCfg = Debug|Any CPU
		{996CA195-F477-4F9D-B55E-4F1F2C28126D}.Debug|Any CPU.Build.0 = Debug|Any CPU
		{996CA195-F477-4F9D-B55E-4F1F2C28126D}.Release|Any CPU.ActiveCfg = Release|Any CPU
		{996CA195-F477-4F9D-B55E-4F1F2C28126D}.Release|Any CPU.Build.0 = Release|Any CPU
	EndGlobalSection
	GlobalSection(SolutionProperties) = preSolution
		HideSolutionNode = FALSE
	EndGlobalSection
	GlobalSection(ExtensibilityGlobals) = postSolution
		SolutionGuid = {B9BFD0D6-1754-4AE2-8899-CC07CBB149D8}
	EndGlobalSection
EndGlobal
